
Microsoft Visual Studio Solution File, Format Version 12.00
# Visual Studio Version 17
VisualStudioVersion = 17.5.33516.290
MinimumVisualStudioVersion = 10.0.40219.1
Project("{FAE04EC0-301F-11D3-BF4B-00C04F79EFBC}") = "PortForwardingService", "PortForwardingService\PortForwardingService.csproj", "{BC93B5EA-E5FF-465D-9829-D24C7B05EF1B}"
EndProject
Global
	GlobalSection(SolutionConfigurationPlatforms) = preSolution
		Debug|Any CPU = Debug|Any CPU
		Release|Any CPU = Release|Any CPU
	EndGlobalSection
	GlobalSection(ProjectConfigurationPlatforms) = postSolution
		{BC93B5EA-E5FF-465D-9829-D24C7B05EF1B}.Debug|Any CPU.ActiveCfg = Debug|Any CPU
		{BC93B5EA-E5FF-465D-9829-D24C7B05EF1B}.Debug|Any CPU.Build.0 = Debug|Any CPU
		{BC93B5EA-E5FF-465D-9829-D24C7B05EF1B}.Release|Any CPU.ActiveCfg = Release|Any CPU
		{BC93B5EA-E5FF-465D-9829-D24C7B05EF1B}.Release|Any CPU.Build.0 = Release|Any CPU
	EndGlobalSection
	GlobalSection(SolutionProperties) = preSolution
		HideSolutionNode = FALSE
	EndGlobalSection
	GlobalSection(ExtensibilityGlobals) = postSolution
		SolutionGuid = {FE05ACAC-0F63-4F55-BD53-17510EC5953C}
	EndGlobalSection
EndGlobal
