
Microsoft Visual Studio Solution File, Format Version 12.00
# Visual Studio 15
VisualStudioVersion = 15.0.27703.2018
MinimumVisualStudioVersion = 10.0.40219.1
Project("{FAE04EC0-301F-11D3-BF4B-00C04F79EFBC}") = "PortForwardingManager", "PortForwardingManager\PortForwardingManager.csproj", "{8A2E8E94-8172-4FC8-A187-A6D03741FC51}"
EndProject
Global
	GlobalSection(SolutionConfigurationPlatforms) = preSolution
		Debug|Any CPU = Debug|Any CPU
		Release|Any CPU = Release|Any CPU
	EndGlobalSection
	GlobalSection(ProjectConfigurationPlatforms) = postSolution
		{8A2E8E94-8172-4FC8-A187-A6D03741FC51}.Debug|Any CPU.ActiveCfg = Debug|Any CPU
		{8A2E8E94-8172-4FC8-A187-A6D03741FC51}.Debug|Any CPU.Build.0 = Debug|Any CPU
		{8A2E8E94-8172-4FC8-A187-A6D03741FC51}.Release|Any CPU.ActiveCfg = Release|Any CPU
		{8A2E8E94-8172-4FC8-A187-A6D03741FC51}.Release|Any CPU.Build.0 = Release|Any CPU
	EndGlobalSection
	GlobalSection(SolutionProperties) = preSolution
		HideSolutionNode = FALSE
	EndGlobalSection
	GlobalSection(ExtensibilityGlobals) = postSolution
		SolutionGuid = {FE05ACAC-0F63-4F55-BD53-17510EC5953C}
	EndGlobalSection
EndGlobal
